{
    "name": "red5",
    "version": "1.0.0",
    "lockfileVersion": 1,
    "requires": true,
    "dependencies": {
        "@types/events": {
            "version": "1.1.0",
            "resolved": "https://registry.npmjs.org/@types/events/-/events-1.1.0.tgz",
            "integrity": "sha512-y3bR98mzYOo0pAZuiLari+cQyiKk3UXRuT45h1RjhfeCzqkjaVsfZJNaxdgtk7/3tzOm1ozLTqEqMP3VbI48jw==",
            "dev": true
        },
        "@types/node": {
            "version": "9.6.1",
            "resolved": "https://registry.npmjs.org/@types/node/-/node-9.6.1.tgz",
            "integrity": "sha512-xwlHq5DXQFRpe+u6hmmNkzYk/3oxxqDp71a/AJMupOQYmxyaBetqrVMqdNlSQfbg7XTJYD8vARjf3Op06OzdtQ==",
            "dev": true
        },
        "@types/uuid": {
            "version": "3.4.3",
            "resolved": "https://registry.npmjs.org/@types/uuid/-/uuid-3.4.3.tgz",
            "integrity": "sha512-5fRLCYhLtDb3hMWqQyH10qtF+Ud2JnNCXTCZ+9ktNdCcgslcuXkDTkFcJNk++MT29yDntDnlF1+jD+uVGumsbw==",
            "dev": true,
            "requires": {
                "@types/node": "9.6.1"
            }
        },
        "@types/uws": {
            "version": "0.13.2",
            "resolved": "https://registry.npmjs.org/@types/uws/-/uws-0.13.2.tgz",
            "integrity": "sha512-PtSuctnHZPMJKGDvpBpX+3EvL8PPcErNOv6A0HacFJV1954ggrTZusLVrZjqBrActKf/C91dbdl/piOmLMeg8A==",
            "dev": true,
            "requires": {
                "@types/events": "1.1.0",
                "@types/node": "9.6.1"
            }
        },
        "commander": {
            "version": "2.13.0",
            "resolved": "https://registry.npmjs.org/commander/-/commander-2.13.0.tgz",
            "integrity": "sha512-MVuS359B+YzaWqjCL/c+22gfryv+mCBPHAv3zyVI2GN8EY6IRP8VwtasXn8jyyhvvq84R4ImN1OKRtcbIasjYA==",
            "dev": true
        },
        "openport": {
            "version": "0.0.5",
            "resolved": "https://registry.npmjs.org/openport/-/openport-0.0.5.tgz",
            "integrity": "sha1-YcasuoMprtdjfmKWTvtYYk6YJlw="
        },
        "source-map": {
            "version": "0.6.1",
            "resolved": "https://registry.npmjs.org/source-map/-/source-map-0.6.1.tgz",
            "integrity": "sha512-UjgapumWlbMhkBgzT7Ykc5YXUT46F0iKu8SGXq0bcwP5dz/h0Plj6enJqjz1Zbq2l5WaqYnrVbwWOWMyF3F47g==",
            "dev": true
        },
        "uglify-es": {
            "version": "3.3.9",
            "resolved": "https://registry.npmjs.org/uglify-es/-/uglify-es-3.3.9.tgz",
            "integrity": "sha512-r+MU0rfv4L/0eeW3xZrd16t4NZfK8Ld4SWVglYBb7ez5uXFWHuVRs6xCTrf1yirs9a4j4Y27nn7SRfO6v67XsQ==",
            "dev": true,
            "requires": {
                "commander": "2.13.0",
                "source-map": "0.6.1"
            }
        },
        "uuid": {
            "version": "3.2.1",
            "resolved": "https://registry.npmjs.org/uuid/-/uuid-3.2.1.tgz",
            "integrity": "sha512-jZnMwlb9Iku/O3smGWvZhauCf6cvvpKi4BKRiliS3cxnI+Gz9j5MEpTz2UFuXiKPJocb7gnsLHwiS05ige5BEA=="
        },
        "uws": {
            "version": "9.147.0",
            "resolved": "https://registry.npmjs.org/uws/-/uws-9.147.0.tgz",
            "integrity": "sha512-hjYez7g/Tt+5E72V1TcQcyImTkPO6naKBYjBN4Wd03OIGjAl26i4AQj+drwVDvCFP6FMIoD4/LBIDDCvpnZCpA=="
        }
    }
}
