{
    "name": "red5",
    "version": "1.0.0",
    "lockfileVersion": 1,
    "requires": true,
    "dependencies": {
        "@types/command-line-args": {
            "version": "4.0.2",
            "resolved": "https://registry.npmjs.org/@types/command-line-args/-/command-line-args-4.0.2.tgz",
            "integrity": "sha512-lLN/Rtud+SONdclROGc8CnZeZ/ujQ69U4otFMtoCfCdLfs2x2R2lJFSy583uI9dnnsd6I9Pdy/Mw3efqxO/2bg==",
            "dev": true
        },
        "@types/events": {
            "version": "1.1.0",
            "resolved": "https://registry.npmjs.org/@types/events/-/events-1.1.0.tgz",
            "integrity": "sha512-y3bR98mzYOo0pAZuiLari+cQyiKk3UXRuT45h1RjhfeCzqkjaVsfZJNaxdgtk7/3tzOm1ozLTqEqMP3VbI48jw==",
            "dev": true
        },
        "@types/get-port": {
            "version": "3.2.0",
            "resolved": "https://registry.npmjs.org/@types/get-port/-/get-port-3.2.0.tgz",
            "integrity": "sha512-TiNg8R1kjDde5Pub9F9vCwZA/BNW9HeXP5b9j7Qucqncy/McfPZ6xze/EyBdXS5FhMIGN6Fx3vg75l5KHy3V1Q==",
            "dev": true
        },
        "@types/node": {
            "version": "9.6.1",
            "resolved": "https://registry.npmjs.org/@types/node/-/node-9.6.1.tgz",
            "integrity": "sha512-xwlHq5DXQFRpe+u6hmmNkzYk/3oxxqDp71a/AJMupOQYmxyaBetqrVMqdNlSQfbg7XTJYD8vARjf3Op06OzdtQ==",
            "dev": true
        },
        "@types/uuid": {
            "version": "3.4.3",
            "resolved": "https://registry.npmjs.org/@types/uuid/-/uuid-3.4.3.tgz",
            "integrity": "sha512-5fRLCYhLtDb3hMWqQyH10qtF+Ud2JnNCXTCZ+9ktNdCcgslcuXkDTkFcJNk++MT29yDntDnlF1+jD+uVGumsbw==",
            "dev": true,
            "requires": {
                "@types/node": "9.6.1"
            }
        },
        "@types/uws": {
            "version": "0.13.2",
            "resolved": "https://registry.npmjs.org/@types/uws/-/uws-0.13.2.tgz",
            "integrity": "sha512-PtSuctnHZPMJKGDvpBpX+3EvL8PPcErNOv6A0HacFJV1954ggrTZusLVrZjqBrActKf/C91dbdl/piOmLMeg8A==",
            "dev": true,
            "requires": {
                "@types/events": "1.1.0",
                "@types/node": "9.6.1"
            }
        },
        "ansi-regex": {
            "version": "2.1.1",
            "resolved": "https://registry.npmjs.org/ansi-regex/-/ansi-regex-2.1.1.tgz",
            "integrity": "sha1-w7M6te42DYbg5ijwRorn7yfWVN8="
        },
        "ansi-styles": {
            "version": "2.2.1",
            "resolved": "https://registry.npmjs.org/ansi-styles/-/ansi-styles-2.2.1.tgz",
            "integrity": "sha1-tDLdM1i2NM914eRmQ2gkBTPB3b4="
        },
        "argv-tools": {
            "version": "0.1.1",
            "resolved": "https://registry.npmjs.org/argv-tools/-/argv-tools-0.1.1.tgz",
            "integrity": "sha512-Cc0dBvx4dvrjjKpyDA6w8RlNAw8Su30NvZbWl/Tv9ZALEVlLVkWQiHMi84Q0xNfpVuSaiQbYkdmWK8g1PLGhKw==",
            "requires": {
                "array-back": "2.0.0",
                "find-replace": "2.0.1"
            }
        },
        "array-back": {
            "version": "2.0.0",
            "resolved": "https://registry.npmjs.org/array-back/-/array-back-2.0.0.tgz",
            "integrity": "sha512-eJv4pLLufP3g5kcZry0j6WXpIbzYw9GUB4mVJZno9wfwiBxbizTnHCw3VJb07cBihbFX48Y7oSrW9y+gt4glyw==",
            "requires": {
                "typical": "2.6.1"
            }
        },
        "better-console": {
            "version": "1.0.1",
            "resolved": "https://registry.npmjs.org/better-console/-/better-console-1.0.1.tgz",
            "integrity": "sha1-mjNh+fRc2vr/pdh9Yv1Jt/jb8ys=",
            "requires": {
                "chalk": "1.1.3",
                "cli-table": "0.3.1"
            }
        },
        "chalk": {
            "version": "1.1.3",
            "resolved": "https://registry.npmjs.org/chalk/-/chalk-1.1.3.tgz",
            "integrity": "sha1-qBFcVeSnAv5NFQq9OHKCKn4J/Jg=",
            "requires": {
                "ansi-styles": "2.2.1",
                "escape-string-regexp": "1.0.5",
                "has-ansi": "2.0.0",
                "strip-ansi": "3.0.1",
                "supports-color": "2.0.0"
            }
        },
        "cli-table": {
            "version": "0.3.1",
            "resolved": "https://registry.npmjs.org/cli-table/-/cli-table-0.3.1.tgz",
            "integrity": "sha1-9TsFJmqLGguTSz0IIebi3FkUriM=",
            "requires": {
                "colors": "1.0.3"
            }
        },
        "colors": {
            "version": "1.0.3",
            "resolved": "https://registry.npmjs.org/colors/-/colors-1.0.3.tgz",
            "integrity": "sha1-BDP0TYCWgP3rYO0mDxsMJi6CpAs="
        },
        "command-line-args": {
            "version": "5.0.2",
            "resolved": "https://registry.npmjs.org/command-line-args/-/command-line-args-5.0.2.tgz",
            "integrity": "sha512-/qPcbL8zpqg53x4rAaqMFlRV4opN3pbla7I7k9x8kyOBMQoGT6WltjN6sXZuxOXw6DgdK7Ad+ijYS5gjcr7vlA==",
            "requires": {
                "argv-tools": "0.1.1",
                "array-back": "2.0.0",
                "find-replace": "2.0.1",
                "lodash.camelcase": "4.3.0",
                "typical": "2.6.1"
            }
        },
        "commander": {
            "version": "2.14.1",
            "resolved": "https://registry.npmjs.org/commander/-/commander-2.14.1.tgz",
            "integrity": "sha512-+YR16o3rK53SmWHU3rEM3tPAh2rwb1yPcQX5irVn7mb0gXbwuCCrnkbV5+PBfETdfg1vui07nM6PCG1zndcjQw==",
            "dev": true
        },
        "copy-dir": {
            "version": "0.3.0",
            "resolved": "https://registry.npmjs.org/copy-dir/-/copy-dir-0.3.0.tgz",
            "integrity": "sha1-3rLcL6nJKQ7UfIQVWpmabUX1o1g=",
            "requires": {
                "mkdir-p": "0.0.7"
            }
        },
        "escape-string-regexp": {
            "version": "1.0.5",
            "resolved": "https://registry.npmjs.org/escape-string-regexp/-/escape-string-regexp-1.0.5.tgz",
            "integrity": "sha1-G2HAViGQqN/2rjuyzwIAyhMLhtQ="
        },
        "find-replace": {
            "version": "2.0.1",
            "resolved": "https://registry.npmjs.org/find-replace/-/find-replace-2.0.1.tgz",
            "integrity": "sha512-LzDo3Fpa30FLIBsh6DCDnMN1KW2g4QKkqKmejlImgWY67dDFPX/x9Kh/op/GK522DchQXEvDi/wD48HKW49XOQ==",
            "requires": {
                "array-back": "2.0.0",
                "test-value": "3.0.0"
            }
        },
        "get-port": {
            "version": "3.2.0",
            "resolved": "https://registry.npmjs.org/get-port/-/get-port-3.2.0.tgz",
            "integrity": "sha1-3Xzn3hh8Bsi/NTeWrHHgmfCYDrw="
        },
        "has-ansi": {
            "version": "2.0.0",
            "resolved": "https://registry.npmjs.org/has-ansi/-/has-ansi-2.0.0.tgz",
            "integrity": "sha1-NPUEnOHs3ysGSa8+8k5F7TVBbZE=",
            "requires": {
                "ansi-regex": "2.1.1"
            }
        },
        "lodash.camelcase": {
            "version": "4.3.0",
            "resolved": "https://registry.npmjs.org/lodash.camelcase/-/lodash.camelcase-4.3.0.tgz",
            "integrity": "sha1-soqmKIorn8ZRA1x3EfZathkDMaY="
        },
        "mkdir-p": {
            "version": "0.0.7",
            "resolved": "https://registry.npmjs.org/mkdir-p/-/mkdir-p-0.0.7.tgz",
            "integrity": "sha1-JMXb4m2jqZ7xWKHu+aXC3Z3laDw="
        },
        "source-map": {
            "version": "0.6.1",
            "resolved": "https://registry.npmjs.org/source-map/-/source-map-0.6.1.tgz",
            "integrity": "sha512-UjgapumWlbMhkBgzT7Ykc5YXUT46F0iKu8SGXq0bcwP5dz/h0Plj6enJqjz1Zbq2l5WaqYnrVbwWOWMyF3F47g==",
            "dev": true
        },
        "strip-ansi": {
            "version": "3.0.1",
            "resolved": "https://registry.npmjs.org/strip-ansi/-/strip-ansi-3.0.1.tgz",
            "integrity": "sha1-ajhfuIU9lS1f8F0Oiq+UJ43GPc8=",
            "requires": {
                "ansi-regex": "2.1.1"
            }
        },
        "supports-color": {
            "version": "2.0.0",
            "resolved": "https://registry.npmjs.org/supports-color/-/supports-color-2.0.0.tgz",
            "integrity": "sha1-U10EXOa2Nj+kARcIRimZXp3zJMc="
        },
        "test-value": {
            "version": "3.0.0",
            "resolved": "https://registry.npmjs.org/test-value/-/test-value-3.0.0.tgz",
            "integrity": "sha512-sVACdAWcZkSU9x7AOmJo5TqE+GyNJknHaHsMrR6ZnhjVlVN9Yx6FjHrsKZ3BjIpPCT68zYesPWkakrNupwfOTQ==",
            "requires": {
                "array-back": "2.0.0",
                "typical": "2.6.1"
            }
        },
        "typical": {
            "version": "2.6.1",
            "resolved": "https://registry.npmjs.org/typical/-/typical-2.6.1.tgz",
            "integrity": "sha1-XAgOXWYcu+OCWdLnCjxyU+hziB0="
        },
        "uglify-es": {
            "version": "3.3.10",
            "resolved": "https://registry.npmjs.org/uglify-es/-/uglify-es-3.3.10.tgz",
            "integrity": "sha512-rPzPisCzW68Okj1zNrfa2dR9uEm43SevDmpR6FChoZABFk9dANGnzzBMgHYUXI3609//63fnVkyQ1SQmAMyjww==",
            "dev": true,
            "requires": {
                "commander": "2.14.1",
                "source-map": "0.6.1"
            }
        },
        "uuid": {
            "version": "3.2.1",
            "resolved": "https://registry.npmjs.org/uuid/-/uuid-3.2.1.tgz",
            "integrity": "sha512-jZnMwlb9Iku/O3smGWvZhauCf6cvvpKi4BKRiliS3cxnI+Gz9j5MEpTz2UFuXiKPJocb7gnsLHwiS05ige5BEA=="
        },
        "uws": {
            "version": "9.147.0",
            "resolved": "https://registry.npmjs.org/uws/-/uws-9.147.0.tgz",
            "integrity": "sha512-hjYez7g/Tt+5E72V1TcQcyImTkPO6naKBYjBN4Wd03OIGjAl26i4AQj+drwVDvCFP6FMIoD4/LBIDDCvpnZCpA=="
        }
    }
}
